{
  "name": "haohaodo-program",
  "version": "1.0.0",
  "lockfileVersion": 1,
  "requires": true,
  "dependencies": {
    "wx-api-common": {
      "version": "1.0.7",
      "resolved": "https://registry.npmjs.org/wx-api-common/-/wx-api-common-1.0.7.tgz",
      "integrity": "sha512-irletFZYGo79snqEF4eHI/D4gy80W7KxXrug9Y1rymvk5r67Kks+xKGgaUSHQaO4vanY0GYxNc3nSuD/Wc6XEA=="
    }
  }
}
