{
  "name": "haohaodo-program",
  "version": "1.0.0",
  "lockfileVersion": 1,
  "requires": true,
  "dependencies": {
    "wx-api-common": {
      "version": "1.0.6",
      "resolved": "http://registry.npm.taobao.org/wx-api-common/download/wx-api-common-1.0.6.tgz",
      "integrity": "sha1-UzF5tAJepN2amfo4FUTAgDU/1s8="
    }
  }
}
